// !$*UTF8*$!
{
	archiveVersion = 1;
	classes = {
	};
	objectVersion = 55;
	objects = {

/* Begin PBXBuildFile section */
		812396292884FB960057EEFD /* Alarm.swift in Sources */ = {isa = PBXBuildFile; fileRef = 812396282884FB960057EEFD /* Alarm.swift */; };
		8123962B2884FC1E0057EEFD /* ContentView.swift in Sources */ = {isa = PBXBuildFile; fileRef = 8123962A2884FC1E0057EEFD /* ContentView.swift */; };
		8140168B28866621009FA2E8 /* Thunder.mp3 in Resources */ = {isa = PBXBuildFile; fileRef = 8140168A28866620009FA2E8 /* Thunder.mp3 */; };
		8140168D288666E3009FA2E8 /* Tada.mp3 in Resources */ = {isa = PBXBuildFile; fileRef = 8140168C288666E3009FA2E8 /* Tada.mp3 */; };
		81690364288170A5007A1812 /* Banner.swift in Sources */ = {isa = PBXBuildFile; fileRef = 81690363288170A5007A1812 /* Banner.swift */; };
		81690368288197CE007A1812 /* TimerCount.swift in Sources */ = {isa = PBXBuildFile; fileRef = 81690367288197CE007A1812 /* TimerCount.swift */; };
		8169036A28819839007A1812 /* StopWatch.swift in Sources */ = {isa = PBXBuildFile; fileRef = 8169036928819839007A1812 /* StopWatch.swift */; };
		816E6F0D288161E500E64482 /* AlarmProjectApp.swift in Sources */ = {isa = PBXBuildFile; fileRef = 816E6F0C288161E500E64482 /* AlarmProjectApp.swift */; };
		816E6F11288161E600E64482 /* Assets.xcassets in Resources */ = {isa = PBXBuildFile; fileRef = 816E6F10288161E600E64482 /* Assets.xcassets */; };
		816E6F14288161E600E64482 /* Preview Assets.xcassets in Resources */ = {isa = PBXBuildFile; fileRef = 816E6F13288161E600E64482 /* Preview Assets.xcassets */; };
		816E6F1E288161E700E64482 /* AlarmProjectTests.swift in Sources */ = {isa = PBXBuildFile; fileRef = 816E6F1D288161E700E64482 /* AlarmProjectTests.swift */; };
		816E6F28288161E700E64482 /* AlarmProjectUITests.swift in Sources */ = {isa = PBXBuildFile; fileRef = 816E6F27288161E700E64482 /* AlarmProjectUITests.swift */; };
		816E6F2A288161E700E64482 /* AlarmProjectUITestsLaunchTests.swift in Sources */ = {isa = PBXBuildFile; fileRef = 816E6F29288161E700E64482 /* AlarmProjectUITestsLaunchTests.swift */; };
		816E6F372881631800E64482 /* WorldTime.swift in Sources */ = {isa = PBXBuildFile; fileRef = 816E6F362881631800E64482 /* WorldTime.swift */; };
		81B36A5728826221002528FA /* AlramList.swift in Sources */ = {isa = PBXBuildFile; fileRef = 81B36A5628826221002528FA /* AlramList.swift */; };
/* End PBXBuildFile section */

/* Begin PBXContainerItemProxy section */
		816E6F1A288161E700E64482 /* PBXContainerItemProxy */ = {
			isa = PBXContainerItemProxy;
			containerPortal = 816E6F01288161E500E64482 /* Project object */;
			proxyType = 1;
			remoteGlobalIDString = 816E6F08288161E500E64482;
			remoteInfo = AlarmProject;
		};
		816E6F24288161E700E64482 /* PBXContainerItemProxy */ = {
			isa = PBXContainerItemProxy;
			containerPortal = 816E6F01288161E500E64482 /* Project object */;
			proxyType = 1;
			remoteGlobalIDString = 816E6F08288161E500E64482;
			remoteInfo = AlarmProject;
		};
/* End PBXContainerItemProxy section */

/* Begin PBXFileReference section */
		812396282884FB960057EEFD /* Alarm.swift */ = {isa = PBXFileReference; lastKnownFileType = sourcecode.swift; path = Alarm.swift; sourceTree = "<group>"; };
		8123962A2884FC1E0057EEFD /* ContentView.swift */ = {isa = PBXFileReference; lastKnownFileType = sourcecode.swift; path = ContentView.swift; sourceTree = "<group>"; };
		8140168A28866620009FA2E8 /* Thunder.mp3 */ = {isa = PBXFileReference; lastKnownFileType = audio.mp3; path = Thunder.mp3; sourceTree = "<group>"; };
		8140168C288666E3009FA2E8 /* Tada.mp3 */ = {isa = PBXFileReference; lastKnownFileType = audio.mp3; path = Tada.mp3; sourceTree = "<group>"; };
		8140168E2886B44B009FA2E8 /* Info.plist */ = {isa = PBXFileReference; lastKnownFileType = text.plist; path = Info.plist; sourceTree = "<group>"; };
		81690363288170A5007A1812 /* Banner.swift */ = {isa = PBXFileReference; lastKnownFileType = sourcecode.swift; path = Banner.swift; sourceTree = "<group>"; };
		81690367288197CE007A1812 /* TimerCount.swift */ = {isa = PBXFileReference; lastKnownFileType = sourcecode.swift; path = TimerCount.swift; sourceTree = "<group>"; };
		8169036928819839007A1812 /* StopWatch.swift */ = {isa = PBXFileReference; lastKnownFileType = sourcecode.swift; path = StopWatch.swift; sourceTree = "<group>"; };
		816E6F09288161E500E64482 /* AlarmProject.app */ = {isa = PBXFileReference; explicitFileType = wrapper.application; includeInIndex = 0; path = AlarmProject.app; sourceTree = BUILT_PRODUCTS_DIR; };
		816E6F0C288161E500E64482 /* AlarmProjectApp.swift */ = {isa = PBXFileReference; lastKnownFileType = sourcecode.swift; path = AlarmProjectApp.swift; sourceTree = "<group>"; };
		816E6F10288161E600E64482 /* Assets.xcassets */ = {isa = PBXFileReference; lastKnownFileType = folder.assetcatalog; path = Assets.xcassets; sourceTree = "<group>"; };
		816E6F13288161E600E64482 /* Preview Assets.xcassets */ = {isa = PBXFileReference; lastKnownFileType = folder.assetcatalog; path = "Preview Assets.xcassets"; sourceTree = "<group>"; };
		816E6F19288161E700E64482 /* AlarmProjectTests.xctest */ = {isa = PBXFileReference; explicitFileType = wrapper.cfbundle; includeInIndex = 0; path = AlarmProjectTests.xctest; sourceTree = BUILT_PRODUCTS_DIR; };
		816E6F1D288161E700E64482 /* AlarmProjectTests.swift */ = {isa = PBXFileReference; lastKnownFileType = sourcecode.swift; path = AlarmProjectTests.swift; sourceTree = "<group>"; };
		816E6F23288161E700E64482 /* AlarmProjectUITests.xctest */ = {isa = PBXFileReference; explicitFileType = wrapper.cfbundle; includeInIndex = 0; path = AlarmProjectUITests.xctest; sourceTree = BUILT_PRODUCTS_DIR; };
		816E6F27288161E700E64482 /* AlarmProjectUITests.swift */ = {isa = PBXFileReference; lastKnownFileType = sourcecode.swift; path = AlarmProjectUITests.swift; sourceTree = "<group>"; };
		816E6F29288161E700E64482 /* AlarmProjectUITestsLaunchTests.swift */ = {isa = PBXFileReference; lastKnownFileType = sourcecode.swift; path = AlarmProjectUITestsLaunchTests.swift; sourceTree = "<group>"; };
		816E6F362881631800E64482 /* WorldTime.swift */ = {isa = PBXFileReference; lastKnownFileType = sourcecode.swift; path = WorldTime.swift; sourceTree = "<group>"; };
		81B36A5628826221002528FA /* AlramList.swift */ = {isa = PBXFileReference; lastKnownFileType = sourcecode.swift; path = AlramList.swift; sourceTree = "<group>"; };
/* End PBXFileReference section */

/* Begin PBXFrameworksBuildPhase section */
		816E6F06288161E500E64482 /* Frameworks */ = {
			isa = PBXFrameworksBuildPhase;
			buildActionMask = 2147483647;
			files = (
			);
			runOnlyForDeploymentPostprocessing = 0;
		};
		816E6F16288161E700E64482 /* Frameworks */ = {
			isa = PBXFrameworksBuildPhase;
			buildActionMask = 2147483647;
			files = (
			);
			runOnlyForDeploymentPostprocessing = 0;
		};
		816E6F20288161E700E64482 /* Frameworks */ = {
			isa = PBXFrameworksBuildPhase;
			buildActionMask = 2147483647;
			files = (
			);
			runOnlyForDeploymentPostprocessing = 0;
		};
/* End PBXFrameworksBuildPhase section */

/* Begin PBXGroup section */
		8140168928865F45009FA2E8 /* Sound */ = {
			isa = PBXGroup;
			children = (
				8140168C288666E3009FA2E8 /* Tada.mp3 */,
				8140168A28866620009FA2E8 /* Thunder.mp3 */,
			);
			path = Sound;
			sourceTree = "<group>";
		};
		816E6F00288161E500E64482 = {
			isa = PBXGroup;
			children = (
				816E6F0B288161E500E64482 /* AlarmProject */,
				816E6F1C288161E700E64482 /* AlarmProjectTests */,
				816E6F26288161E700E64482 /* AlarmProjectUITests */,
				816E6F0A288161E500E64482 /* Products */,
			);
			sourceTree = "<group>";
		};
		816E6F0A288161E500E64482 /* Products */ = {
			isa = PBXGroup;
			children = (
				816E6F09288161E500E64482 /* AlarmProject.app */,
				816E6F19288161E700E64482 /* AlarmProjectTests.xctest */,
				816E6F23288161E700E64482 /* AlarmProjectUITests.xctest */,
			);
			name = Products;
			sourceTree = "<group>";
		};
		816E6F0B288161E500E64482 /* AlarmProject */ = {
			isa = PBXGroup;
			children = (
				8140168E2886B44B009FA2E8 /* Info.plist */,
				8140168928865F45009FA2E8 /* Sound */,
				816E6F0C288161E500E64482 /* AlarmProjectApp.swift */,
				812396282884FB960057EEFD /* Alarm.swift */,
				8123962A2884FC1E0057EEFD /* ContentView.swift */,
				81B36A5628826221002528FA /* AlramList.swift */,
				81690367288197CE007A1812 /* TimerCount.swift */,
				81690363288170A5007A1812 /* Banner.swift */,
				8169036928819839007A1812 /* StopWatch.swift */,
				816E6F362881631800E64482 /* WorldTime.swift */,
				816E6F10288161E600E64482 /* Assets.xcassets */,
				816E6F12288161E600E64482 /* Preview Content */,
			);
			path = AlarmProject;
			sourceTree = "<group>";
		};
		816E6F12288161E600E64482 /* Preview Content */ = {
			isa = PBXGroup;
			children = (
				816E6F13288161E600E64482 /* Preview Assets.xcassets */,
			);
			path = "Preview Content";
			sourceTree = "<group>";
		};
		816E6F1C288161E700E64482 /* AlarmProjectTests */ = {
			isa = PBXGroup;
			children = (
				816E6F1D288161E700E64482 /* AlarmProjectTests.swift */,
			);
			path = AlarmProjectTests;
			sourceTree = "<group>";
		};
		816E6F26288161E700E64482 /* AlarmProjectUITests */ = {
			isa = PBXGroup;
			children = (
				816E6F27288161E700E64482 /* AlarmProjectUITests.swift */,
				816E6F29288161E700E64482 /* AlarmProjectUITestsLaunchTests.swift */,
			);
			path = AlarmProjectUITests;
			sourceTree = "<group>";
		};
/* End PBXGroup section */

/* Begin PBXNativeTarget section */
		816E6F08288161E500E64482 /* AlarmProject */ = {
			isa = PBXNativeTarget;
			buildConfigurationList = 816E6F2D288161E700E64482 /* Build configuration list for PBXNativeTarget "AlarmProject" */;
			buildPhases = (
				816E6F05288161E500E64482 /* Sources */,
				816E6F06288161E500E64482 /* Frameworks */,
				816E6F07288161E500E64482 /* Resources */,
			);
			buildRules = (
			);
			dependencies = (
			);
			name = AlarmProject;
			productName = AlarmProject;
			productReference = 816E6F09288161E500E64482 /* AlarmProject.app */;
			productType = "com.apple.product-type.application";
		};
		816E6F18288161E700E64482 /* AlarmProjectTests */ = {
			isa = PBXNativeTarget;
			buildConfigurationList = 816E6F30288161E700E64482 /* Build configuration list for PBXNativeTarget "AlarmProjectTests" */;
			buildPhases = (
				816E6F15288161E700E64482 /* Sources */,
				816E6F16288161E700E64482 /* Frameworks */,
				816E6F17288161E700E64482 /* Resources */,
			);
			buildRules = (
			);
			dependencies = (
				816E6F1B288161E700E64482 /* PBXTargetDependency */,
			);
			name = AlarmProjectTests;
			productName = AlarmProjectTests;
			productReference = 816E6F19288161E700E64482 /* AlarmProjectTests.xctest */;
			productType = "com.apple.product-type.bundle.unit-test";
		};
		816E6F22288161E700E64482 /* AlarmProjectUITests */ = {
			isa = PBXNativeTarget;
			buildConfigurationList = 816E6F33288161E700E64482 /* Build configuration list for PBXNativeTarget "AlarmProjectUITests" */;
			buildPhases = (
				816E6F1F288161E700E64482 /* Sources */,
				816E6F20288161E700E64482 /* Frameworks */,
				816E6F21288161E700E64482 /* Resources */,
			);
			buildRules = (
			);
			dependencies = (
				816E6F25288161E700E64482 /* PBXTargetDependency */,
			);
			name = AlarmProjectUITests;
			productName = AlarmProjectUITests;
			productReference = 816E6F23288161E700E64482 /* AlarmProjectUITests.xctest */;
			productType = "com.apple.product-type.bundle.ui-testing";
		};
/* End PBXNativeTarget section */

/* Begin PBXProject section */
		816E6F01288161E500E64482 /* Project object */ = {
			isa = PBXProject;
			attributes = {
				BuildIndependentTargetsInParallel = 1;
				LastSwiftUpdateCheck = 1330;
				LastUpgradeCheck = 1330;
				TargetAttributes = {
					816E6F08288161E500E64482 = {
						CreatedOnToolsVersion = 13.3;
					};
					816E6F18288161E700E64482 = {
						CreatedOnToolsVersion = 13.3;
						TestTargetID = 816E6F08288161E500E64482;
					};
					816E6F22288161E700E64482 = {
						CreatedOnToolsVersion = 13.3;
						TestTargetID = 816E6F08288161E500E64482;
					};
				};
			};
			buildConfigurationList = 816E6F04288161E500E64482 /* Build configuration list for PBXProject "AlarmProject" */;
			compatibilityVersion = "Xcode 13.0";
			developmentRegion = en;
			hasScannedForEncodings = 0;
			knownRegions = (
				en,
				Base,
			);
			mainGroup = 816E6F00288161E500E64482;
			productRefGroup = 816E6F0A288161E500E64482 /* Products */;
			projectDirPath = "";
			projectRoot = "";
			targets = (
				816E6F08288161E500E64482 /* AlarmProject */,
				816E6F18288161E700E64482 /* AlarmProjectTests */,
				816E6F22288161E700E64482 /* AlarmProjectUITests */,
			);
		};
/* End PBXProject section */

/* Begin PBXResourcesBuildPhase section */
		816E6F07288161E500E64482 /* Resources */ = {
			isa = PBXResourcesBuildPhase;
			buildActionMask = 2147483647;
			files = (
				8140168D288666E3009FA2E8 /* Tada.mp3 in Resources */,
				816E6F14288161E600E64482 /* Preview Assets.xcassets in Resources */,
				816E6F11288161E600E64482 /* Assets.xcassets in Resources */,
				8140168B28866621009FA2E8 /* Thunder.mp3 in Resources */,
			);
			runOnlyForDeploymentPostprocessing = 0;
		};
		816E6F17288161E700E64482 /* Resources */ = {
			isa = PBXResourcesBuildPhase;
			buildActionMask = 2147483647;
			files = (
			);
			runOnlyForDeploymentPostprocessing = 0;
		};
		816E6F21288161E700E64482 /* Resources */ = {
			isa = PBXResourcesBuildPhase;
			buildActionMask = 2147483647;
			files = (
			);
			runOnlyForDeploymentPostprocessing = 0;
		};
/* End PBXResourcesBuildPhase section */

/* Begin PBXSourcesBuildPhase section */
		816E6F05288161E500E64482 /* Sources */ = {
			isa = PBXSourcesBuildPhase;
			buildActionMask = 2147483647;
			files = (
				816E6F372881631800E64482 /* WorldTime.swift in Sources */,
				8169036A28819839007A1812 /* StopWatch.swift in Sources */,
				8123962B2884FC1E0057EEFD /* ContentView.swift in Sources */,
				81690364288170A5007A1812 /* Banner.swift in Sources */,
				812396292884FB960057EEFD /* Alarm.swift in Sources */,
				81B36A5728826221002528FA /* AlramList.swift in Sources */,
				81690368288197CE007A1812 /* TimerCount.swift in Sources */,
				816E6F0D288161E500E64482 /* AlarmProjectApp.swift in Sources */,
			);
			runOnlyForDeploymentPostprocessing = 0;
		};
		816E6F15288161E700E64482 /* Sources */ = {
			isa = PBXSourcesBuildPhase;
			buildActionMask = 2147483647;
			files = (
				816E6F1E288161E700E64482 /* AlarmProjectTests.swift in Sources */,
			);
			runOnlyForDeploymentPostprocessing = 0;
		};
		816E6F1F288161E700E64482 /* Sources */ = {
			isa = PBXSourcesBuildPhase;
			buildActionMask = 2147483647;
			files = (
				816E6F2A288161E700E64482 /* AlarmProjectUITestsLaunchTests.swift in Sources */,
				816E6F28288161E700E64482 /* AlarmProjectUITests.swift in Sources */,
			);
			runOnlyForDeploymentPostprocessing = 0;
		};
/* End PBXSourcesBuildPhase section */

/* Begin PBXTargetDependency section */
		816E6F1B288161E700E64482 /* PBXTargetDependency */ = {
			isa = PBXTargetDependency;
			target = 816E6F08288161E500E64482 /* AlarmProject */;
			targetProxy = 816E6F1A288161E700E64482 /* PBXContainerItemProxy */;
		};
		816E6F25288161E700E64482 /* PBXTargetDependency */ = {
			isa = PBXTargetDependency;
			target = 816E6F08288161E500E64482 /* AlarmProject */;
			targetProxy = 816E6F24288161E700E64482 /* PBXContainerItemProxy */;
		};
/* End PBXTargetDependency section */

/* Begin XCBuildConfiguration section */
		816E6F2B288161E700E64482 /* Debug */ = {
			isa = XCBuildConfiguration;
			buildSettings = {
				ALWAYS_SEARCH_USER_PATHS = NO;
				CLANG_ANALYZER_NONNULL = YES;
				CLANG_ANALYZER_NUMBER_OBJECT_CONVERSION = YES_AGGRESSIVE;
				CLANG_CXX_LANGUAGE_STANDARD = "gnu++17";
				CLANG_ENABLE_MODULES = YES;
				CLANG_ENABLE_OBJC_ARC = YES;
				CLANG_ENABLE_OBJC_WEAK = YES;
				CLANG_WARN_BLOCK_CAPTURE_AUTORELEASING = YES;
				CLANG_WARN_BOOL_CONVERSION = YES;
				CLANG_WARN_COMMA = YES;
				CLANG_WARN_CONSTANT_CONVERSION = YES;
				CLANG_WARN_DEPRECATED_OBJC_IMPLEMENTATIONS = YES;
				CLANG_WARN_DIRECT_OBJC_ISA_USAGE = YES_ERROR;
				CLANG_WARN_DOCUMENTATION_COMMENTS = YES;
				CLANG_WARN_EMPTY_BODY = YES;
				CLANG_WARN_ENUM_CONVERSION = YES;
				CLANG_WARN_INFINITE_RECURSION = YES;
				CLANG_WARN_INT_CONVERSION = YES;
				CLANG_WARN_NON_LITERAL_NULL_CONVERSION = YES;
				CLANG_WARN_OBJC_IMPLICIT_RETAIN_SELF = YES;
				CLANG_WARN_OBJC_LITERAL_CONVERSION = YES;
				CLANG_WARN_OBJC_ROOT_CLASS = YES_ERROR;
				CLANG_WARN_QUOTED_INCLUDE_IN_FRAMEWORK_HEADER = YES;
				CLANG_WARN_RANGE_LOOP_ANALYSIS = YES;
				CLANG_WARN_STRICT_PROTOTYPES = YES;
				CLANG_WARN_SUSPICIOUS_MOVE = YES;
				CLANG_WARN_UNGUARDED_AVAILABILITY = YES_AGGRESSIVE;
				CLANG_WARN_UNREACHABLE_CODE = YES;
				CLANG_WARN__DUPLICATE_METHOD_MATCH = YES;
				COPY_PHASE_STRIP = NO;
				DEBUG_INFORMATION_FORMAT = dwarf;
				ENABLE_STRICT_OBJC_MSGSEND = YES;
				ENABLE_TESTABILITY = YES;
				GCC_C_LANGUAGE_STANDARD = gnu11;
				GCC_DYNAMIC_NO_PIC = NO;
				GCC_NO_COMMON_BLOCKS = YES;
				GCC_OPTIMIZATION_LEVEL = 0;
				GCC_PREPROCESSOR_DEFINITIONS = (
					"DEBUG=1",
					"$(inherited)",
				);
				GCC_WARN_64_TO_32_BIT_CONVERSION = YES;
				GCC_WARN_ABOUT_RETURN_TYPE = YES_ERROR;
				GCC_WARN_UNDECLARED_SELECTOR = YES;
				GCC_WARN_UNINITIALIZED_AUTOS = YES_AGGRESSIVE;
				GCC_WARN_UNUSED_FUNCTION = YES;
				GCC_WARN_UNUSED_VARIABLE = YES;
				IPHONEOS_DEPLOYMENT_TARGET = 15.4;
				MTL_ENABLE_DEBUG_INFO = INCLUDE_SOURCE;
				MTL_FAST_MATH = YES;
				ONLY_ACTIVE_ARCH = YES;
				SDKROOT = iphoneos;
				SWIFT_ACTIVE_COMPILATION_CONDITIONS = DEBUG;
				SWIFT_OPTIMIZATION_LEVEL = "-Onone";
			};
			name = Debug;
		};
		816E6F2C288161E700E64482 /* Release */ = {
			isa = XCBuildConfiguration;
			buildSettings = {
				ALWAYS_SEARCH_USER_PATHS = NO;
				CLANG_ANALYZER_NONNULL = YES;
				CLANG_ANALYZER_NUMBER_OBJECT_CONVERSION = YES_AGGRESSIVE;
				CLANG_CXX_LANGUAGE_STANDARD = "gnu++17";
				CLANG_ENABLE_MODULES = YES;
				CLANG_ENABLE_OBJC_ARC = YES;
				CLANG_ENABLE_OBJC_WEAK = YES;
				CLANG_WARN_BLOCK_CAPTURE_AUTORELEASING = YES;
				CLANG_WARN_BOOL_CONVERSION = YES;
				CLANG_WARN_COMMA = YES;
				CLANG_WARN_CONSTANT_CONVERSION = YES;
				CLANG_WARN_DEPRECATED_OBJC_IMPLEMENTATIONS = YES;
				CLANG_WARN_DIRECT_OBJC_ISA_USAGE = YES_ERROR;
				CLANG_WARN_DOCUMENTATION_COMMENTS = YES;
				CLANG_WARN_EMPTY_BODY = YES;
				CLANG_WARN_ENUM_CONVERSION = YES;
				CLANG_WARN_INFINITE_RECURSION = YES;
				CLANG_WARN_INT_CONVERSION = YES;
				CLANG_WARN_NON_LITERAL_NULL_CONVERSION = YES;
				CLANG_WARN_OBJC_IMPLICIT_RETAIN_SELF = YES;
				CLANG_WARN_OBJC_LITERAL_CONVERSION = YES;
				CLANG_WARN_OBJC_ROOT_CLASS = YES_ERROR;
				CLANG_WARN_QUOTED_INCLUDE_IN_FRAMEWORK_HEADER = YES;
				CLANG_WARN_RANGE_LOOP_ANALYSIS = YES;
				CLANG_WARN_STRICT_PROTOTYPES = YES;
				CLANG_WARN_SUSPICIOUS_MOVE = YES;
				CLANG_WARN_UNGUARDED_AVAILABILITY = YES_AGGRESSIVE;
				CLANG_WARN_UNREACHABLE_CODE = YES;
				CLANG_WARN__DUPLICATE_METHOD_MATCH = YES;
				COPY_PHASE_STRIP = NO;
				DEBUG_INFORMATION_FORMAT = "dwarf-with-dsym";
				ENABLE_NS_ASSERTIONS = NO;
				ENABLE_STRICT_OBJC_MSGSEND = YES;
				GCC_C_LANGUAGE_STANDARD = gnu11;
				GCC_NO_COMMON_BLOCKS = YES;
				GCC_WARN_64_TO_32_BIT_CONVERSION = YES;
				GCC_WARN_ABOUT_RETURN_TYPE = YES_ERROR;
				GCC_WARN_UNDECLARED_SELECTOR = YES;
				GCC_WARN_UNINITIALIZED_AUTOS = YES_AGGRESSIVE;
				GCC_WARN_UNUSED_FUNCTION = YES;
				GCC_WARN_UNUSED_VARIABLE = YES;
				IPHONEOS_DEPLOYMENT_TARGET = 15.4;
				MTL_ENABLE_DEBUG_INFO = NO;
				MTL_FAST_MATH = YES;
				SDKROOT = iphoneos;
				SWIFT_COMPILATION_MODE = wholemodule;
				SWIFT_OPTIMIZATION_LEVEL = "-O";
				VALIDATE_PRODUCT = YES;
			};
			name = Release;
		};
		816E6F2E288161E700E64482 /* Debug */ = {
			isa = XCBuildConfiguration;
			buildSettings = {
				ASSETCATALOG_COMPILER_APPICON_NAME = AppIcon;
				ASSETCATALOG_COMPILER_GLOBAL_ACCENT_COLOR_NAME = AccentColor;
				CODE_SIGN_STYLE = Automatic;
				CURRENT_PROJECT_VERSION = 1;
				DEVELOPMENT_ASSET_PATHS = "\"AlarmProject/Preview Content\"";
				DEVELOPMENT_TEAM = N676ZFA7W8;
				ENABLE_PREVIEWS = YES;
				GENERATE_INFOPLIST_FILE = YES;
				INFOPLIST_FILE = AlarmProject/Info.plist;
				INFOPLIST_KEY_UIApplicationSceneManifest_Generation = YES;
				INFOPLIST_KEY_UIApplicationSupportsIndirectInputEvents = YES;
				INFOPLIST_KEY_UILaunchScreen_Generation = YES;
				INFOPLIST_KEY_UISupportedInterfaceOrientations_iPad = "UIInterfaceOrientationPortrait UIInterfaceOrientationPortraitUpsideDown UIInterfaceOrientationLandscapeLeft UIInterfaceOrientationLandscapeRight";
				INFOPLIST_KEY_UISupportedInterfaceOrientations_iPhone = "UIInterfaceOrientationPortrait UIInterfaceOrientationLandscapeLeft UIInterfaceOrientationLandscapeRight";
				LD_RUNPATH_SEARCH_PATHS = (
					"$(inherited)",
					"@executable_path/Frameworks",
				);
				MARKETING_VERSION = 1.0;
				PRODUCT_BUNDLE_IDENTIFIER = com.Quarang.AlarmProject;
				PRODUCT_NAME = "$(TARGET_NAME)";
				SWIFT_EMIT_LOC_STRINGS = YES;
				SWIFT_VERSION = 5.0;
				TARGETED_DEVICE_FAMILY = "1,2";
			};
			name = Debug;
		};
		816E6F2F288161E700E64482 /* Release */ = {
			isa = XCBuildConfiguration;
			buildSettings = {
				ASSETCATALOG_COMPILER_APPICON_NAME = AppIcon;
				ASSETCATALOG_COMPILER_GLOBAL_ACCENT_COLOR_NAME = AccentColor;
				CODE_SIGN_STYLE = Automatic;
				CURRENT_PROJECT_VERSION = 1;
				DEVELOPMENT_ASSET_PATHS = "\"AlarmProject/Preview Content\"";
				DEVELOPMENT_TEAM = N676ZFA7W8;
				ENABLE_PREVIEWS = YES;
				GENERATE_INFOPLIST_FILE = YES;
				INFOPLIST_FILE = AlarmProject/Info.plist;
				INFOPLIST_KEY_UIApplicationSceneManifest_Generation = YES;
				INFOPLIST_KEY_UIApplicationSupportsIndirectInputEvents = YES;
				INFOPLIST_KEY_UILaunchScreen_Generation = YES;
				INFOPLIST_KEY_UISupportedInterfaceOrientations_iPad = "UIInterfaceOrientationPortrait UIInterfaceOrientationPortraitUpsideDown UIInterfaceOrientationLandscapeLeft UIInterfaceOrientationLandscapeRight";
				INFOPLIST_KEY_UISupportedInterfaceOrientations_iPhone = "UIInterfaceOrientationPortrait UIInterfaceOrientationLandscapeLeft UIInterfaceOrientationLandscapeRight";
				LD_RUNPATH_SEARCH_PATHS = (
					"$(inherited)",
					"@executable_path/Frameworks",
				);
				MARKETING_VERSION = 1.0;
				PRODUCT_BUNDLE_IDENTIFIER = com.Quarang.AlarmProject;
				PRODUCT_NAME = "$(TARGET_NAME)";
				SWIFT_EMIT_LOC_STRINGS = YES;
				SWIFT_VERSION = 5.0;
				TARGETED_DEVICE_FAMILY = "1,2";
			};
			name = Release;
		};
		816E6F31288161E700E64482 /* Debug */ = {
			isa = XCBuildConfiguration;
			buildSettings = {
				ALWAYS_EMBED_SWIFT_STANDARD_LIBRARIES = YES;
				BUNDLE_LOADER = "$(TEST_HOST)";
				CODE_SIGN_STYLE = Automatic;
				CURRENT_PROJECT_VERSION = 1;
				DEVELOPMENT_TEAM = N676ZFA7W8;
				GENERATE_INFOPLIST_FILE = YES;
				IPHONEOS_DEPLOYMENT_TARGET = 15.4;
				MARKETING_VERSION = 1.0;
				PRODUCT_BUNDLE_IDENTIFIER = com.Quarang.AlarmProjectTests;
				PRODUCT_NAME = "$(TARGET_NAME)";
				SWIFT_EMIT_LOC_STRINGS = NO;
				SWIFT_VERSION = 5.0;
				TARGETED_DEVICE_FAMILY = "1,2";
				TEST_HOST = "$(BUILT_PRODUCTS_DIR)/AlarmProject.app/AlarmProject";
			};
			name = Debug;
		};
		816E6F32288161E700E64482 /* Release */ = {
			isa = XCBuildConfiguration;
			buildSettings = {
				ALWAYS_EMBED_SWIFT_STANDARD_LIBRARIES = YES;
				BUNDLE_LOADER = "$(TEST_HOST)";
				CODE_SIGN_STYLE = Automatic;
				CURRENT_PROJECT_VERSION = 1;
				DEVELOPMENT_TEAM = N676ZFA7W8;
				GENERATE_INFOPLIST_FILE = YES;
				IPHONEOS_DEPLOYMENT_TARGET = 15.4;
				MARKETING_VERSION = 1.0;
				PRODUCT_BUNDLE_IDENTIFIER = com.Quarang.AlarmProjectTests;
				PRODUCT_NAME = "$(TARGET_NAME)";
				SWIFT_EMIT_LOC_STRINGS = NO;
				SWIFT_VERSION = 5.0;
				TARGETED_DEVICE_FAMILY = "1,2";
				TEST_HOST = "$(BUILT_PRODUCTS_DIR)/AlarmProject.app/AlarmProject";
			};
			name = Release;
		};
		816E6F34288161E700E64482 /* Debug */ = {
			isa = XCBuildConfiguration;
			buildSettings = {
				ALWAYS_EMBED_SWIFT_STANDARD_LIBRARIES = YES;
				CODE_SIGN_STYLE = Automatic;
				CURRENT_PROJECT_VERSION = 1;
				DEVELOPMENT_TEAM = N676ZFA7W8;
				GENERATE_INFOPLIST_FILE = YES;
				MARKETING_VERSION = 1.0;
				PRODUCT_BUNDLE_IDENTIFIER = com.Quarang.AlarmProjectUITests;
				PRODUCT_NAME = "$(TARGET_NAME)";
				SWIFT_EMIT_LOC_STRINGS = NO;
				SWIFT_VERSION = 5.0;
				TARGETED_DEVICE_FAMILY = "1,2";
				TEST_TARGET_NAME = AlarmProject;
			};
			name = Debug;
		};
		816E6F35288161E700E64482 /* Release */ = {
			isa = XCBuildConfiguration;
			buildSettings = {
				ALWAYS_EMBED_SWIFT_STANDARD_LIBRARIES = YES;
				CODE_SIGN_STYLE = Automatic;
				CURRENT_PROJECT_VERSION = 1;
				DEVELOPMENT_TEAM = N676ZFA7W8;
				GENERATE_INFOPLIST_FILE = YES;
				MARKETING_VERSION = 1.0;
				PRODUCT_BUNDLE_IDENTIFIER = com.Quarang.AlarmProjectUITests;
				PRODUCT_NAME = "$(TARGET_NAME)";
				SWIFT_EMIT_LOC_STRINGS = NO;
				SWIFT_VERSION = 5.0;
				TARGETED_DEVICE_FAMILY = "1,2";
				TEST_TARGET_NAME = AlarmProject;
			};
			name = Release;
		};
/* End XCBuildConfiguration section */

/* Begin XCConfigurationList section */
		816E6F04288161E500E64482 /* Build configuration list for PBXProject "AlarmProject" */ = {
			isa = XCConfigurationList;
			buildConfigurations = (
				816E6F2B288161E700E64482 /* Debug */,
				816E6F2C288161E700E64482 /* Release */,
			);
			defaultConfigurationIsVisible = 0;
			defaultConfigurationName = Release;
		};
		816E6F2D288161E700E64482 /* Build configuration list for PBXNativeTarget "AlarmProject" */ = {
			isa = XCConfigurationList;
			buildConfigurations = (
				816E6F2E288161E700E64482 /* Debug */,
				816E6F2F288161E700E64482 /* Release */,
			);
			defaultConfigurationIsVisible = 0;
			defaultConfigurationName = Release;
		};
		816E6F30288161E700E64482 /* Build configuration list for PBXNativeTarget "AlarmProjectTests" */ = {
			isa = XCConfigurationList;
			buildConfigurations = (
				816E6F31288161E700E64482 /* Debug */,
				816E6F32288161E700E64482 /* Release */,
			);
			defaultConfigurationIsVisible = 0;
			defaultConfigurationName = Release;
		};
		816E6F33288161E700E64482 /* Build configuration list for PBXNativeTarget "AlarmProjectUITests" */ = {
			isa = XCConfigurationList;
			buildConfigurations = (
				816E6F34288161E700E64482 /* Debug */,
				816E6F35288161E700E64482 /* Release */,
			);
			defaultConfigurationIsVisible = 0;
			defaultConfigurationName = Release;
		};
/* End XCConfigurationList section */
	};
	rootObject = 816E6F01288161E500E64482 /* Project object */;
}
